
Microsoft Visual Studio Solution File, Format Version 12.00
# Visual Studio Version 17
VisualStudioVersion = 17.6.33829.357
MinimumVisualStudioVersion = 10.0.40219.1
Project("{FAE04EC0-301F-11D3-BF4B-00C04F79EFBC}") = "PoolLog", "PoolLog\PoolLog.csproj", "{ED164422-4C69-417A-A2AE-BDCBA8EBCB99}"
EndProject
Global
	GlobalSection(SolutionConfigurationPlatforms) = preSolution
		Debug|Any CPU = Debug|Any CPU
		Release|Any CPU = Release|Any CPU
	EndGlobalSection
	GlobalSection(ProjectConfigurationPlatforms) = postSolution
		{ED164422-4C69-417A-A2AE-BDCBA8EBCB99}.Debug|Any CPU.ActiveCfg = Debug|Any CPU
		{ED164422-4C69-417A-A2AE-BDCBA8EBCB99}.Debug|Any CPU.Build.0 = Debug|Any CPU
		{ED164422-4C69-417A-A2AE-BDCBA8EBCB99}.Release|Any CPU.ActiveCfg = Release|Any CPU
		{ED164422-4C69-417A-A2AE-BDCBA8EBCB99}.Release|Any CPU.Build.0 = Release|Any CPU
	EndGlobalSection
	GlobalSection(SolutionProperties) = preSolution
		HideSolutionNode = FALSE
	EndGlobalSection
	GlobalSection(ExtensibilityGlobals) = postSolution
		SolutionGuid = {7D19A6A4-0A1B-4DF3-9833-9521E7A16F03}
	EndGlobalSection
EndGlobal
